
Microsoft Visual Studio Solution File, Format Version 12.00
# Visual Studio 15
VisualStudioVersion = 15.0.27130.2010
MinimumVisualStudioVersion = 10.0.40219.1
Project("{FAE04EC0-301F-11D3-BF4B-00C04F79EFBC}") = "Stolarus", "Stolarus\Stolarus.csproj", "{DA3D9983-915D-4F4A-A3A1-BB482C487518}"
EndProject
Global
	GlobalSection(SolutionConfigurationPlatforms) = preSolution
		Debug|Any CPU = Debug|Any CPU
		Release|Any CPU = Release|Any CPU
	EndGlobalSection
	GlobalSection(ProjectConfigurationPlatforms) = postSolution
		{DA3D9983-915D-4F4A-A3A1-BB482C487518}.Debug|Any CPU.ActiveCfg = Debug|Any CPU
		{DA3D9983-915D-4F4A-A3A1-BB482C487518}.Debug|Any CPU.Build.0 = Debug|Any CPU
		{DA3D9983-915D-4F4A-A3A1-BB482C487518}.Release|Any CPU.ActiveCfg = Release|Any CPU
		{DA3D9983-915D-4F4A-A3A1-BB482C487518}.Release|Any CPU.Build.0 = Release|Any CPU
	EndGlobalSection
	GlobalSection(SolutionProperties) = preSolution
		HideSolutionNode = FALSE
	EndGlobalSection
	GlobalSection(ExtensibilityGlobals) = postSolution
		SolutionGuid = {CBA374E2-9A24-4B51-BFA0-25A34CB24962}
	EndGlobalSection
EndGlobal
